// !$*UTF8*$!
{
	archiveVersion = 1;
	classes = {
	};
	objectVersion = 56;
	objects = {

/* Begin PBXBuildFile section */
		E50FD3ED2A6AB039004D9335 /* AppDelegate.swift in Sources */ = {isa = PBXBuildFile; fileRef = E50FD3EC2A6AB039004D9335 /* AppDelegate.swift */; };
		E50FD3EF2A6AB039004D9335 /* SceneDelegate.swift in Sources */ = {isa = PBXBuildFile; fileRef = E50FD3EE2A6AB039004D9335 /* SceneDelegate.swift */; };
		E50FD3F12A6AB039004D9335 /* ViewController.swift in Sources */ = {isa = PBXBuildFile; fileRef = E50FD3F02A6AB039004D9335 /* ViewController.swift */; };
		E50FD3F62A6AB03D004D9335 /* Assets.xcassets in Resources */ = {isa = PBXBuildFile; fileRef = E50FD3F52A6AB03D004D9335 /* Assets.xcassets */; };
		E50FD3F92A6AB03D004D9335 /* LaunchScreen.storyboard in Resources */ = {isa = PBXBuildFile; fileRef = E50FD3F72A6AB03D004D9335 /* LaunchScreen.storyboard */; };
		E50FD4062A6AB12C004D9335 /* Interactor.swift in Sources */ = {isa = PBXBuildFile; fileRef = E50FD4052A6AB12C004D9335 /* Interactor.swift */; };
		E50FD4082A6AB135004D9335 /* Presenter.swift in Sources */ = {isa = PBXBuildFile; fileRef = E50FD4072A6AB135004D9335 /* Presenter.swift */; };
		E50FD40A2A6AB13F004D9335 /* Entity.swift in Sources */ = {isa = PBXBuildFile; fileRef = E50FD4092A6AB13F004D9335 /* Entity.swift */; };
		E50FD40C2A6AB147004D9335 /* Router.swift in Sources */ = {isa = PBXBuildFile; fileRef = E50FD40B2A6AB147004D9335 /* Router.swift */; };
/* End PBXBuildFile section */

/* Begin PBXFileReference section */
		E50FD3E92A6AB039004D9335 /* VIPER.app */ = {isa = PBXFileReference; explicitFileType = wrapper.application; includeInIndex = 0; path = VIPER.app; sourceTree = BUILT_PRODUCTS_DIR; };
		E50FD3EC2A6AB039004D9335 /* AppDelegate.swift */ = {isa = PBXFileReference; lastKnownFileType = sourcecode.swift; path = AppDelegate.swift; sourceTree = "<group>"; };
		E50FD3EE2A6AB039004D9335 /* SceneDelegate.swift */ = {isa = PBXFileReference; lastKnownFileType = sourcecode.swift; path = SceneDelegate.swift; sourceTree = "<group>"; };
		E50FD3F02A6AB039004D9335 /* ViewController.swift */ = {isa = PBXFileReference; lastKnownFileType = sourcecode.swift; path = ViewController.swift; sourceTree = "<group>"; };
		E50FD3F52A6AB03D004D9335 /* Assets.xcassets */ = {isa = PBXFileReference; lastKnownFileType = folder.assetcatalog; path = Assets.xcassets; sourceTree = "<group>"; };
		E50FD3F82A6AB03D004D9335 /* Base */ = {isa = PBXFileReference; lastKnownFileType = file.storyboard; name = Base; path = Base.lproj/LaunchScreen.storyboard; sourceTree = "<group>"; };
		E50FD3FA2A6AB03D004D9335 /* Info.plist */ = {isa = PBXFileReference; lastKnownFileType = text.plist.xml; path = Info.plist; sourceTree = "<group>"; };
		E50FD4052A6AB12C004D9335 /* Interactor.swift */ = {isa = PBXFileReference; lastKnownFileType = sourcecode.swift; path = Interactor.swift; sourceTree = "<group>"; };
		E50FD4072A6AB135004D9335 /* Presenter.swift */ = {isa = PBXFileReference; lastKnownFileType = sourcecode.swift; path = Presenter.swift; sourceTree = "<group>"; };
		E50FD4092A6AB13F004D9335 /* Entity.swift */ = {isa = PBXFileReference; lastKnownFileType = sourcecode.swift; path = Entity.swift; sourceTree = "<group>"; };
		E50FD40B2A6AB147004D9335 /* Router.swift */ = {isa = PBXFileReference; lastKnownFileType = sourcecode.swift; path = Router.swift; sourceTree = "<group>"; };
/* End PBXFileReference section */

/* Begin PBXFrameworksBuildPhase section */
		E50FD3E62A6AB039004D9335 /* Frameworks */ = {
			isa = PBXFrameworksBuildPhase;
			buildActionMask = 2147483647;
			files = (
			);
			runOnlyForDeploymentPostprocessing = 0;
		};
/* End PBXFrameworksBuildPhase section */

/* Begin PBXGroup section */
		E50FD3E02A6AB039004D9335 = {
			isa = PBXGroup;
			children = (
				E50FD3EB2A6AB039004D9335 /* VIPER */,
				E50FD3EA2A6AB039004D9335 /* Products */,
			);
			sourceTree = "<group>";
		};
		E50FD3EA2A6AB039004D9335 /* Products */ = {
			isa = PBXGroup;
			children = (
				E50FD3E92A6AB039004D9335 /* VIPER.app */,
			);
			name = Products;
			sourceTree = "<group>";
		};
		E50FD3EB2A6AB039004D9335 /* VIPER */ = {
			isa = PBXGroup;
			children = (
				E50FD4042A6AB116004D9335 /* View */,
				E50FD4032A6AB10E004D9335 /* Interactor */,
				E50FD4022A6AB107004D9335 /* Presenter */,
				E50FD4012A6AB0FC004D9335 /* Entity */,
				E50FD4002A6AB0E8004D9335 /* Router */,
				E50FD3EC2A6AB039004D9335 /* AppDelegate.swift */,
				E50FD3EE2A6AB039004D9335 /* SceneDelegate.swift */,
				E50FD3F52A6AB03D004D9335 /* Assets.xcassets */,
				E50FD3F72A6AB03D004D9335 /* LaunchScreen.storyboard */,
				E50FD3FA2A6AB03D004D9335 /* Info.plist */,
			);
			path = VIPER;
			sourceTree = "<group>";
		};
		E50FD4002A6AB0E8004D9335 /* Router */ = {
			isa = PBXGroup;
			children = (
				E50FD40B2A6AB147004D9335 /* Router.swift */,
			);
			path = Router;
			sourceTree = "<group>";
		};
		E50FD4012A6AB0FC004D9335 /* Entity */ = {
			isa = PBXGroup;
			children = (
				E50FD4092A6AB13F004D9335 /* Entity.swift */,
			);
			path = Entity;
			sourceTree = "<group>";
		};
		E50FD4022A6AB107004D9335 /* Presenter */ = {
			isa = PBXGroup;
			children = (
				E50FD4072A6AB135004D9335 /* Presenter.swift */,
			);
			path = Presenter;
			sourceTree = "<group>";
		};
		E50FD4032A6AB10E004D9335 /* Interactor */ = {
			isa = PBXGroup;
			children = (
				E50FD4052A6AB12C004D9335 /* Interactor.swift */,
			);
			path = Interactor;
			sourceTree = "<group>";
		};
		E50FD4042A6AB116004D9335 /* View */ = {
			isa = PBXGroup;
			children = (
				E50FD3F02A6AB039004D9335 /* ViewController.swift */,
			);
			path = View;
			sourceTree = "<group>";
		};
/* End PBXGroup section */

/* Begin PBXNativeTarget section */
		E50FD3E82A6AB039004D9335 /* VIPER */ = {
			isa = PBXNativeTarget;
			buildConfigurationList = E50FD3FD2A6AB03D004D9335 /* Build configuration list for PBXNativeTarget "VIPER" */;
			buildPhases = (
				E50FD3E52A6AB039004D9335 /* Sources */,
				E50FD3E62A6AB039004D9335 /* Frameworks */,
				E50FD3E72A6AB039004D9335 /* Resources */,
			);
			buildRules = (
			);
			dependencies = (
			);
			name = VIPER;
			productName = VIPER;
			productReference = E50FD3E92A6AB039004D9335 /* VIPER.app */;
			productType = "com.apple.product-type.application";
		};
/* End PBXNativeTarget section */

/* Begin PBXProject section */
		E50FD3E12A6AB039004D9335 /* Project object */ = {
			isa = PBXProject;
			attributes = {
				BuildIndependentTargetsInParallel = 1;
				LastSwiftUpdateCheck = 1430;
				LastUpgradeCheck = 1430;
				TargetAttributes = {
					E50FD3E82A6AB039004D9335 = {
						CreatedOnToolsVersion = 14.3.1;
					};
				};
			};
			buildConfigurationList = E50FD3E42A6AB039004D9335 /* Build configuration list for PBXProject "VIPER" */;
			compatibilityVersion = "Xcode 14.0";
			developmentRegion = en;
			hasScannedForEncodings = 0;
			knownRegions = (
				en,
				Base,
			);
			mainGroup = E50FD3E02A6AB039004D9335;
			productRefGroup = E50FD3EA2A6AB039004D9335 /* Products */;
			projectDirPath = "";
			projectRoot = "";
			targets = (
				E50FD3E82A6AB039004D9335 /* VIPER */,
			);
		};
/* End PBXProject section */

/* Begin PBXResourcesBuildPhase section */
		E50FD3E72A6AB039004D9335 /* Resources */ = {
			isa = PBXResourcesBuildPhase;
			buildActionMask = 2147483647;
			files = (
				E50FD3F92A6AB03D004D9335 /* LaunchScreen.storyboard in Resources */,
				E50FD3F62A6AB03D004D9335 /* Assets.xcassets in Resources */,
			);
			runOnlyForDeploymentPostprocessing = 0;
		};
/* End PBXResourcesBuildPhase section */

/* Begin PBXSourcesBuildPhase section */
		E50FD3E52A6AB039004D9335 /* Sources */ = {
			isa = PBXSourcesBuildPhase;
			buildActionMask = 2147483647;
			files = (
				E50FD3F12A6AB039004D9335 /* ViewController.swift in Sources */,
				E50FD3ED2A6AB039004D9335 /* AppDelegate.swift in Sources */,
				E50FD40A2A6AB13F004D9335 /* Entity.swift in Sources */,
				E50FD40C2A6AB147004D9335 /* Router.swift in Sources */,
				E50FD4062A6AB12C004D9335 /* Interactor.swift in Sources */,
				E50FD3EF2A6AB039004D9335 /* SceneDelegate.swift in Sources */,
				E50FD4082A6AB135004D9335 /* Presenter.swift in Sources */,
			);
			runOnlyForDeploymentPostprocessing = 0;
		};
/* End PBXSourcesBuildPhase section */

/* Begin PBXVariantGroup section */
		E50FD3F72A6AB03D004D9335 /* LaunchScreen.storyboard */ = {
			isa = PBXVariantGroup;
			children = (
				E50FD3F82A6AB03D004D9335 /* Base */,
			);
			name = LaunchScreen.storyboard;
			sourceTree = "<group>";
		};
/* End PBXVariantGroup section */

/* Begin XCBuildConfiguration section */
		E50FD3FB2A6AB03D004D9335 /* Debug */ = {
			isa = XCBuildConfiguration;
			buildSettings = {
				ALWAYS_SEARCH_USER_PATHS = NO;
				CLANG_ANALYZER_NONNULL = YES;
				CLANG_ANALYZER_NUMBER_OBJECT_CONVERSION = YES_AGGRESSIVE;
				CLANG_CXX_LANGUAGE_STANDARD = "gnu++20";
				CLANG_ENABLE_MODULES = YES;
				CLANG_ENABLE_OBJC_ARC = YES;
				CLANG_ENABLE_OBJC_WEAK = YES;
				CLANG_WARN_BLOCK_CAPTURE_AUTORELEASING = YES;
				CLANG_WARN_BOOL_CONVERSION = YES;
				CLANG_WARN_COMMA = YES;
				CLANG_WARN_CONSTANT_CONVERSION = YES;
				CLANG_WARN_DEPRECATED_OBJC_IMPLEMENTATIONS = YES;
				CLANG_WARN_DIRECT_OBJC_ISA_USAGE = YES_ERROR;
				CLANG_WARN_DOCUMENTATION_COMMENTS = YES;
				CLANG_WARN_EMPTY_BODY = YES;
				CLANG_WARN_ENUM_CONVERSION = YES;
				CLANG_WARN_INFINITE_RECURSION = YES;
				CLANG_WARN_INT_CONVERSION = YES;
				CLANG_WARN_NON_LITERAL_NULL_CONVERSION = YES;
				CLANG_WARN_OBJC_IMPLICIT_RETAIN_SELF = YES;
				CLANG_WARN_OBJC_LITERAL_CONVERSION = YES;
				CLANG_WARN_OBJC_ROOT_CLASS = YES_ERROR;
				CLANG_WARN_QUOTED_INCLUDE_IN_FRAMEWORK_HEADER = YES;
				CLANG_WARN_RANGE_LOOP_ANALYSIS = YES;
				CLANG_WARN_STRICT_PROTOTYPES = YES;
				CLANG_WARN_SUSPICIOUS_MOVE = YES;
				CLANG_WARN_UNGUARDED_AVAILABILITY = YES_AGGRESSIVE;
				CLANG_WARN_UNREACHABLE_CODE = YES;
				CLANG_WARN__DUPLICATE_METHOD_MATCH = YES;
				COPY_PHASE_STRIP = NO;
				DEBUG_INFORMATION_FORMAT = dwarf;
				ENABLE_STRICT_OBJC_MSGSEND = YES;
				ENABLE_TESTABILITY = YES;
				GCC_C_LANGUAGE_STANDARD = gnu11;
				GCC_DYNAMIC_NO_PIC = NO;
				GCC_NO_COMMON_BLOCKS = YES;
				GCC_OPTIMIZATION_LEVEL = 0;
				GCC_PREPROCESSOR_DEFINITIONS = (
					"DEBUG=1",
					"$(inherited)",
				);
				GCC_WARN_64_TO_32_BIT_CONVERSION = YES;
				GCC_WARN_ABOUT_RETURN_TYPE = YES_ERROR;
				GCC_WARN_UNDECLARED_SELECTOR = YES;
				GCC_WARN_UNINITIALIZED_AUTOS = YES_AGGRESSIVE;
				GCC_WARN_UNUSED_FUNCTION = YES;
				GCC_WARN_UNUSED_VARIABLE = YES;
				IPHONEOS_DEPLOYMENT_TARGET = 16.4;
				MTL_ENABLE_DEBUG_INFO = INCLUDE_SOURCE;
				MTL_FAST_MATH = YES;
				ONLY_ACTIVE_ARCH = YES;
				SDKROOT = iphoneos;
				SWIFT_ACTIVE_COMPILATION_CONDITIONS = DEBUG;
				SWIFT_OPTIMIZATION_LEVEL = "-Onone";
			};
			name = Debug;
		};
		E50FD3FC2A6AB03D004D9335 /* Release */ = {
			isa = XCBuildConfiguration;
			buildSettings = {
				ALWAYS_SEARCH_USER_PATHS = NO;
				CLANG_ANALYZER_NONNULL = YES;
				CLANG_ANALYZER_NUMBER_OBJECT_CONVERSION = YES_AGGRESSIVE;
				CLANG_CXX_LANGUAGE_STANDARD = "gnu++20";
				CLANG_ENABLE_MODULES = YES;
				CLANG_ENABLE_OBJC_ARC = YES;
				CLANG_ENABLE_OBJC_WEAK = YES;
				CLANG_WARN_BLOCK_CAPTURE_AUTORELEASING = YES;
				CLANG_WARN_BOOL_CONVERSION = YES;
				CLANG_WARN_COMMA = YES;
				CLANG_WARN_CONSTANT_CONVERSION = YES;
				CLANG_WARN_DEPRECATED_OBJC_IMPLEMENTATIONS = YES;
				CLANG_WARN_DIRECT_OBJC_ISA_USAGE = YES_ERROR;
				CLANG_WARN_DOCUMENTATION_COMMENTS = YES;
				CLANG_WARN_EMPTY_BODY = YES;
				CLANG_WARN_ENUM_CONVERSION = YES;
				CLANG_WARN_INFINITE_RECURSION = YES;
				CLANG_WARN_INT_CONVERSION = YES;
				CLANG_WARN_NON_LITERAL_NULL_CONVERSION = YES;
				CLANG_WARN_OBJC_IMPLICIT_RETAIN_SELF = YES;
				CLANG_WARN_OBJC_LITERAL_CONVERSION = YES;
				CLANG_WARN_OBJC_ROOT_CLASS = YES_ERROR;
				CLANG_WARN_QUOTED_INCLUDE_IN_FRAMEWORK_HEADER = YES;
				CLANG_WARN_RANGE_LOOP_ANALYSIS = YES;
				CLANG_WARN_STRICT_PROTOTYPES = YES;
				CLANG_WARN_SUSPICIOUS_MOVE = YES;
				CLANG_WARN_UNGUARDED_AVAILABILITY = YES_AGGRESSIVE;
				CLANG_WARN_UNREACHABLE_CODE = YES;
				CLANG_WARN__DUPLICATE_METHOD_MATCH = YES;
				COPY_PHASE_STRIP = NO;
				DEBUG_INFORMATION_FORMAT = "dwarf-with-dsym";
				ENABLE_NS_ASSERTIONS = NO;
				ENABLE_STRICT_OBJC_MSGSEND = YES;
				GCC_C_LANGUAGE_STANDARD = gnu11;
				GCC_NO_COMMON_BLOCKS = YES;
				GCC_WARN_64_TO_32_BIT_CONVERSION = YES;
				GCC_WARN_ABOUT_RETURN_TYPE = YES_ERROR;
				GCC_WARN_UNDECLARED_SELECTOR = YES;
				GCC_WARN_UNINITIALIZED_AUTOS = YES_AGGRESSIVE;
				GCC_WARN_UNUSED_FUNCTION = YES;
				GCC_WARN_UNUSED_VARIABLE = YES;
				IPHONEOS_DEPLOYMENT_TARGET = 16.4;
				MTL_ENABLE_DEBUG_INFO = NO;
				MTL_FAST_MATH = YES;
				SDKROOT = iphoneos;
				SWIFT_COMPILATION_MODE = wholemodule;
				SWIFT_OPTIMIZATION_LEVEL = "-O";
				VALIDATE_PRODUCT = YES;
			};
			name = Release;
		};
		E50FD3FE2A6AB03D004D9335 /* Debug */ = {
			isa = XCBuildConfiguration;
			buildSettings = {
				ASSETCATALOG_COMPILER_APPICON_NAME = AppIcon;
				ASSETCATALOG_COMPILER_GLOBAL_ACCENT_COLOR_NAME = AccentColor;
				CODE_SIGN_STYLE = Automatic;
				CURRENT_PROJECT_VERSION = 1;
				DEVELOPMENT_TEAM = 3A74NBF86H;
				GENERATE_INFOPLIST_FILE = YES;
				INFOPLIST_FILE = VIPER/Info.plist;
				INFOPLIST_KEY_UIApplicationSupportsIndirectInputEvents = YES;
				INFOPLIST_KEY_UILaunchStoryboardName = LaunchScreen;
				INFOPLIST_KEY_UISupportedInterfaceOrientations_iPad = "UIInterfaceOrientationPortrait UIInterfaceOrientationPortraitUpsideDown UIInterfaceOrientationLandscapeLeft UIInterfaceOrientationLandscapeRight";
				INFOPLIST_KEY_UISupportedInterfaceOrientations_iPhone = "UIInterfaceOrientationPortrait UIInterfaceOrientationLandscapeLeft UIInterfaceOrientationLandscapeRight";
				LD_RUNPATH_SEARCH_PATHS = (
					"$(inherited)",
					"@executable_path/Frameworks",
				);
				MARKETING_VERSION = 1.0;
				PRODUCT_BUNDLE_IDENTIFIER = com.caiocastro.VIPER;
				PRODUCT_NAME = "$(TARGET_NAME)";
				SWIFT_EMIT_LOC_STRINGS = YES;
				SWIFT_VERSION = 5.0;
				TARGETED_DEVICE_FAMILY = "1,2";
			};
			name = Debug;
		};
		E50FD3FF2A6AB03D004D9335 /* Release */ = {
			isa = XCBuildConfiguration;
			buildSettings = {
				ASSETCATALOG_COMPILER_APPICON_NAME = AppIcon;
				ASSETCATALOG_COMPILER_GLOBAL_ACCENT_COLOR_NAME = AccentColor;
				CODE_SIGN_STYLE = Automatic;
				CURRENT_PROJECT_VERSION = 1;
				DEVELOPMENT_TEAM = 3A74NBF86H;
				GENERATE_INFOPLIST_FILE = YES;
				INFOPLIST_FILE = VIPER/Info.plist;
				INFOPLIST_KEY_UIApplicationSupportsIndirectInputEvents = YES;
				INFOPLIST_KEY_UILaunchStoryboardName = LaunchScreen;
				INFOPLIST_KEY_UISupportedInterfaceOrientations_iPad = "UIInterfaceOrientationPortrait UIInterfaceOrientationPortraitUpsideDown UIInterfaceOrientationLandscapeLeft UIInterfaceOrientationLandscapeRight";
				INFOPLIST_KEY_UISupportedInterfaceOrientations_iPhone = "UIInterfaceOrientationPortrait UIInterfaceOrientationLandscapeLeft UIInterfaceOrientationLandscapeRight";
				LD_RUNPATH_SEARCH_PATHS = (
					"$(inherited)",
					"@executable_path/Frameworks",
				);
				MARKETING_VERSION = 1.0;
				PRODUCT_BUNDLE_IDENTIFIER = com.caiocastro.VIPER;
				PRODUCT_NAME = "$(TARGET_NAME)";
				SWIFT_EMIT_LOC_STRINGS = YES;
				SWIFT_VERSION = 5.0;
				TARGETED_DEVICE_FAMILY = "1,2";
			};
			name = Release;
		};
/* End XCBuildConfiguration section */

/* Begin XCConfigurationList section */
		E50FD3E42A6AB039004D9335 /* Build configuration list for PBXProject "VIPER" */ = {
			isa = XCConfigurationList;
			buildConfigurations = (
				E50FD3FB2A6AB03D004D9335 /* Debug */,
				E50FD3FC2A6AB03D004D9335 /* Release */,
			);
			defaultConfigurationIsVisible = 0;
			defaultConfigurationName = Release;
		};
		E50FD3FD2A6AB03D004D9335 /* Build configuration list for PBXNativeTarget "VIPER" */ = {
			isa = XCConfigurationList;
			buildConfigurations = (
				E50FD3FE2A6AB03D004D9335 /* Debug */,
				E50FD3FF2A6AB03D004D9335 /* Release */,
			);
			defaultConfigurationIsVisible = 0;
			defaultConfigurationName = Release;
		};
/* End XCConfigurationList section */
	};
	rootObject = E50FD3E12A6AB039004D9335 /* Project object */;
}
